<?xml version="1.0" encoding="utf-8"?>
<Project ToolsVersion="4.0" xmlns="http://schemas.microsoft.com/developer/msbuild/2003">
  <ItemGroup>
    <Filter Include="Tools">
      <UniqueIdentifier>{4ec89ac9-6c31-460b-89d5-7503b7d1556e}</UniqueIdentifier>
    </Filter>
    <Filter Include="Header">
      <UniqueIdentifier>{852b344c-3b62-440d-bf56-347a97501288}</UniqueIdentifier>
    </Filter>
    <Filter Include="Kernel">
      <UniqueIdentifier>{e0994ddd-da31-47e5-b290-fc0a642e8cd5}</UniqueIdentifier>
    </Filter>
  </ItemGroup>
  <ItemGroup>
    <ClInclude Include="Tools\.NETGlobal.hpp">
      <Filter>Tools</Filter>
    </ClInclude>
    <ClInclude Include="Tools\ClassTemplate.h">
      <Filter>Tools</Filter>
    </ClInclude>
    <ClInclude Include="Tools\ClassTemplateHelper.h">
      <Filter>Tools</Filter>
    </ClInclude>
    <ClInclude Include="Tools\clix.hpp">
      <Filter>Tools</Filter>
    </ClInclude>
    <ClInclude Include="Tools\Global.hpp">
      <Filter>Tools</Filter>
    </ClInclude>
    <ClInclude Include="Tools\mutex.h">
      <Filter>Tools</Filter>
    </ClInclude>
    <ClInclude Include="Tools\NativeCallbackConverter.hpp">
      <Filter>Tools</Filter>
    </ClInclude>
    <ClInclude Include="Tools\PropertryHelper.h">
      <Filter>Tools</Filter>
    </ClInclude>
    <ClInclude Include="Header\MC\Packet.hpp">
      <Filter>Header</Filter>
    </ClInclude>
    <ClInclude Include="Tools\ClassAdapter.hpp">
      <Filter>Tools</Filter>
    </ClInclude>
  </ItemGroup>
  <ItemGroup>
    <ClCompile Include="Kernel\MC\Packet.cpp">
      <Filter>Kernel</Filter>
    </ClCompile>
  </ItemGroup>
  <ItemGroup>
    <None Include="cpp.hint" />
  </ItemGroup>
</Project>